# This file is generated by running "yarn install" inside your project.
# Manual changes might be lost - proceed with caution!

__metadata:
  version: 6
  cacheKey: 8

"ajv@npm:^6.11.0":
  version: 6.12.6
  resolution: "ajv@npm:6.12.6"
  dependencies:
    fast-deep-equal: ^3.1.1
    fast-json-stable-stringify: ^2.0.0
    json-schema-traverse: ^0.4.1
    uri-js: ^4.2.2
  checksum: 874972efe5c4202ab0a68379481fbd3d1b5d0a7bd6d3cc21d40d3536ebff3352a2a1fabb632d4fd2cc7fe4cbdcd5ed6782084c9bbf7f32a1536d18f9da5007d4
  languageName: node
  linkType: hard

"base64-js@npm:^1.3.1":
  version: 1.5.1
  resolution: "base64-js@npm:1.5.1"
  checksum: 669632eb3745404c2f822a18fc3a0122d2f9a7a13f7fb8b5823ee19d1d2ff9ee5b52c53367176ea4ad093c332fd5ab4bd0ebae5a8e27917a4105a4cfc86b1005
  languageName: node
  linkType: hard

"bl@npm:^4.0.3":
  version: 4.1.0
  resolution: "bl@npm:4.1.0"
  dependencies:
    buffer: ^5.5.0
    inherits: ^2.0.4
    readable-stream: ^3.4.0
  checksum: 9e8521fa7e83aa9427c6f8ccdcba6e8167ef30cc9a22df26effcc5ab682ef91d2cbc23a239f945d099289e4bbcfae7a192e9c28c84c6202e710a0dfec3722662
  languageName: node
  linkType: hard

"bluebird@npm:^3.7.1":
  version: 3.7.2
  resolution: "bluebird@npm:3.7.2"
  checksum: 869417503c722e7dc54ca46715f70e15f4d9c602a423a02c825570862d12935be59ed9c7ba34a9b31f186c017c23cac6b54e35446f8353059c101da73eac22ef
  languageName: node
  linkType: hard

"boolean@npm:^3.1.4":
  version: 3.2.0
  resolution: "boolean@npm:3.2.0"
  checksum: fb29535b8bf710ef45279677a86d14f5185d604557204abd2ca5fa3fb2a5c80e04d695c8dbf13ab269991977a79bb6c04b048220a6b2a3849853faa94f4a7d77
  languageName: node
  linkType: hard

"buffer-from@npm:^1.0.0":
  version: 1.1.1
  resolution: "buffer-from@npm:1.1.1"
  checksum: ccc53b69736008bff764497367c4d24879ba7122bc619ee499ff47eef3a5b885ca496e87272e7ebffa0bec3804c83f84041c616f6e3318f40624e27c1d80f045
  languageName: node
  linkType: hard

"buffer-writer@npm:2.0.0":
  version: 2.0.0
  resolution: "buffer-writer@npm:2.0.0"
  checksum: 11736b48bb75106c52ca8ec9f025e7c1b3b25ce31875f469d7210eabd5c576c329e34f6b805d4a8d605ff3f0db1e16342328802c4c963e9c826b0e43a4e631c2
  languageName: node
  linkType: hard

"buffer@npm:^5.5.0":
  version: 5.7.1
  resolution: "buffer@npm:5.7.1"
  dependencies:
    base64-js: ^1.3.1
    ieee754: ^1.1.13
  checksum: e2cf8429e1c4c7b8cbd30834ac09bd61da46ce35f5c22a78e6c2f04497d6d25541b16881e30a019c6fd3154150650ccee27a308eff3e26229d788bbdeb08ab84
  languageName: node
  linkType: hard

"bufferput@npm:^0.1.3":
  version: 0.1.3
  resolution: "bufferput@npm:0.1.3"
  checksum: 535e2d6b56537a3042e46291db8a9071f847ece8de1952f80fadaed20e63ad414be34d17a013046800e522b7a401eff9646f02960011d4aa90dc94953f14780a
  languageName: node
  linkType: hard

"commander@npm:^2.19.0":
  version: 2.20.3
  resolution: "commander@npm:2.20.3"
  checksum: ab8c07884e42c3a8dbc5dd9592c606176c7eb5c1ca5ff274bcf907039b2c41de3626f684ea75ccf4d361ba004bbaff1f577d5384c155f3871e456bdf27becf9e
  languageName: node
  linkType: hard

"concat-stream@npm:^2.0.0":
  version: 2.0.0
  resolution: "concat-stream@npm:2.0.0"
  dependencies:
    buffer-from: ^1.0.0
    inherits: ^2.0.3
    readable-stream: ^3.0.2
    typedarray: ^0.0.6
  checksum: d7f75d48f0ecd356c1545d87e22f57b488172811b1181d96021c7c4b14ab8855f5313280263dca44bb06e5222f274d047da3e290a38841ef87b59719bde967c7
  languageName: node
  linkType: hard

"d-forest@npm:3.2.4":
  version: 3.2.4
  resolution: "d-forest@npm:3.2.4"
  checksum: 40fadd9fec1ecf946631d948bb7bdf5e251e3c79b01dcaa20297d60d8c012dfd39dee714724328af8cb5339c78a7bb05c0cd226661e3082e4d7ec7ce9e38dc6f
  languageName: node
  linkType: hard

"deepmerge@npm:^4.2.2":
  version: 4.2.2
  resolution: "deepmerge@npm:4.2.2"
  checksum: a8c43a1ed8d6d1ed2b5bf569fa4c8eb9f0924034baf75d5d406e47e157a451075c4db353efea7b6bcc56ec48116a8ce72fccf867b6e078e7c561904b5897530b
  languageName: node
  linkType: hard

"define-properties@npm:^1.1.3":
  version: 1.1.3
  resolution: "define-properties@npm:1.1.3"
  dependencies:
    object-keys: ^1.0.12
  checksum: da80dba55d0cd76a5a7ab71ef6ea0ebcb7b941f803793e4e0257b384cb772038faa0c31659d244e82c4342edef841c1a1212580006a05a5068ee48223d787317
  languageName: node
  linkType: hard

"discontinuous-range@npm:1.0.0":
  version: 1.0.0
  resolution: "discontinuous-range@npm:1.0.0"
  checksum: 8ee88d7082445b6eadc7c03bebe6dc978f96760c45e9f65d16ca66174d9e086a9e3855ee16acf65625e1a07a846a17de674f02a5964a6aebe5963662baf8b5c8
  languageName: node
  linkType: hard

"dotenv@npm:16.0.1":
  version: 16.0.1
  resolution: "dotenv@npm:16.0.1"
  checksum: f459ffce07b977b7f15d8cc4ee69cdff77d4dd8c5dc8c85d2d485ee84655352c2415f9dd09d42b5b5985ced3be186130871b34e2f3e2569ebc72fbc2e8096792
  languageName: node
  linkType: hard

"es6-error@npm:^4.1.1":
  version: 4.1.1
  resolution: "es6-error@npm:4.1.1"
  checksum: ae41332a51ec1323da6bbc5d75b7803ccdeddfae17c41b6166ebbafc8e8beb7a7b80b884b7fab1cc80df485860ac3c59d78605e860bb4f8cd816b3d6ade0d010
  languageName: node
  linkType: hard

"fast-deep-equal@npm:^3.1.1":
  version: 3.1.3
  resolution: "fast-deep-equal@npm:3.1.3"
  checksum: e21a9d8d84f53493b6aa15efc9cfd53dd5b714a1f23f67fb5dc8f574af80df889b3bce25dc081887c6d25457cce704e636395333abad896ccdec03abaf1f3f9d
  languageName: node
  linkType: hard

"fast-json-stable-stringify@npm:^2.0.0":
  version: 2.1.0
  resolution: "fast-json-stable-stringify@npm:2.1.0"
  checksum: b191531e36c607977e5b1c47811158733c34ccb3bfde92c44798929e9b4154884378536d26ad90dfecd32e1ffc09c545d23535ad91b3161a27ddbb8ebe0cbecb
  languageName: node
  linkType: hard

"fast-json-stringify@npm:^2.7.10":
  version: 2.7.13
  resolution: "fast-json-stringify@npm:2.7.13"
  dependencies:
    ajv: ^6.11.0
    deepmerge: ^4.2.2
    rfdc: ^1.2.0
    string-similarity: ^4.0.1
  checksum: f78ab25047c790de5b521c369e0b18c595055d48a106add36e9f86fe45be40226f168ff4708a226e187d0b46f1d6b32129842041728944bd9a03ca5efbbe4ccb
  languageName: node
  linkType: hard

"fast-printf@npm:^1.6.9":
  version: 1.6.9
  resolution: "fast-printf@npm:1.6.9"
  dependencies:
    boolean: ^3.1.4
  checksum: 53e65b16d22bb0e33ce835f0ef076adbe6d68d89478f84deee50de4e6386bc5e5d5524f1e06cf4392847fc1a8c9144b1145dd9b1d53cfdc233e5164a10f61000
  languageName: node
  linkType: hard

"fast-safe-stringify@npm:^2.1.1":
  version: 2.1.1
  resolution: "fast-safe-stringify@npm:2.1.1"
  checksum: a851cbddc451745662f8f00ddb622d6766f9bd97642dabfd9a405fb0d646d69fc0b9a1243cbf67f5f18a39f40f6fa821737651ff1bceeba06c9992ca2dc5bd3d
  languageName: node
  linkType: hard

"get-stack-trace@npm:^2.1.1":
  version: 2.1.1
  resolution: "get-stack-trace@npm:2.1.1"
  dependencies:
    bluebird: ^3.7.1
    source-map: ^0.8.0-beta.0
  checksum: 88f63852aa9d975c59f41fecbf9152004b050d3ed5713df370b62370cffc0db25a5203c491ae1dc71b7d822e3c2233e2127de487ee3fc044e8794358f3bab44d
  languageName: node
  linkType: hard

"globalthis@npm:^1.0.2":
  version: 1.0.2
  resolution: "globalthis@npm:1.0.2"
  dependencies:
    define-properties: ^1.1.3
  checksum: 5a5f3c7ab94708260a98106b35946b74bb57f6b2013e39668dc9e8770b80a3418103b63a2b4aa01c31af15fdf6a2940398ffc0a408573c34c2304f928895adff
  languageName: node
  linkType: hard

"hyperid@npm:^2.3.1":
  version: 2.3.1
  resolution: "hyperid@npm:2.3.1"
  dependencies:
    uuid: ^8.3.2
    uuid-parse: ^1.1.0
  checksum: 311b286c35d2d9b6807e13c47afe151d90586c6a57076b5a69125f1945a953b6ca3afa9bcffa57f19f1afd989181b8ed33cedd1ce25dec1587198d78c1d91ed2
  languageName: node
  linkType: hard

"ieee754@npm:^1.1.13":
  version: 1.2.1
  resolution: "ieee754@npm:1.2.1"
  checksum: 5144c0c9815e54ada181d80a0b810221a253562422e7c6c3a60b1901154184f49326ec239d618c416c1c5945a2e197107aee8d986a3dd836b53dffefd99b5e7e
  languageName: node
  linkType: hard

"inherits@npm:^2.0.3, inherits@npm:^2.0.4":
  version: 2.0.4
  resolution: "inherits@npm:2.0.4"
  checksum: 4a48a733847879d6cf6691860a6b1e3f0f4754176e4d71494c41f3475553768b10f84b5ce1d40fbd0e34e6bfbb864ee35858ad4dd2cf31e02fc4a154b724d7f1
  languageName: node
  linkType: hard

"int64-buffer@npm:^0.99.1007":
  version: 0.99.1007
  resolution: "int64-buffer@npm:0.99.1007"
  checksum: bd282439a13680d86c4e8f39fbd03b0a6004aa9478d5ec69db417815030c8472cf6fc59a064f999e352260f93bfb7d7fd90fb481a9cb2898a292871caa7e7035
  languageName: node
  linkType: hard

"is-plain-object@npm:^5.0.0":
  version: 5.0.0
  resolution: "is-plain-object@npm:5.0.0"
  checksum: e32d27061eef62c0847d303125440a38660517e586f2f3db7c9d179ae5b6674ab0f469d519b2e25c147a1a3bc87156d0d5f4d8821e0ce4a9ee7fe1fcf11ce45c
  languageName: node
  linkType: hard

"iso8601-duration@npm:^1.3.0":
  version: 1.3.0
  resolution: "iso8601-duration@npm:1.3.0"
  checksum: 22a0d23bde4b4791775caa60b9fd6334e5d6c58cd2bede1dbfc6296c9beef8f70ebf9e8cabb29ae0ca2a84f14c8ab52580f2f9a255411812f6d0d3f0e5ad9031
  languageName: node
  linkType: hard

"json-schema-traverse@npm:^0.4.1":
  version: 0.4.1
  resolution: "json-schema-traverse@npm:0.4.1"
  checksum: 7486074d3ba247769fda17d5181b345c9fb7d12e0da98b22d1d71a5db9698d8b4bd900a3ec1a4ffdd60846fc2556274a5c894d0c48795f14cb03aeae7b55260b
  languageName: node
  linkType: hard

"lodash.sortby@npm:^4.7.0":
  version: 4.7.0
  resolution: "lodash.sortby@npm:4.7.0"
  checksum: db170c9396d29d11fe9a9f25668c4993e0c1331bcb941ddbd48fb76f492e732add7f2a47cfdf8e9d740fa59ac41bbfaf931d268bc72aab3ab49e9f89354d718c
  languageName: node
  linkType: hard

"lodash@npm:^4.17.20":
  version: 4.17.21
  resolution: "lodash@npm:4.17.21"
  checksum: eb835a2e51d381e561e508ce932ea50a8e5a68f4ebdd771ea240d3048244a8d13658acbd502cd4829768c56f2e16bdd4340b9ea141297d472517b83868e677f7
  languageName: node
  linkType: hard

"moo@npm:^0.5.0, moo@npm:^0.5.1":
  version: 0.5.1
  resolution: "moo@npm:0.5.1"
  checksum: 2d8c013f1f9aad8e5c7a9d4a03dbb4eecd91b9fe5e9446fbc7561fd38d4d161c742434acff385722542fe7b360fce9c586da62442379e62e4158ad49c7e1a6b7
  languageName: node
  linkType: hard

"multi-fork@npm:0.0.2":
  version: 0.0.2
  resolution: "multi-fork@npm:0.0.2"
  checksum: bb12ec1c21dd50241e0f565579541222de96e4890140a77794567b266c348f34728ef370053c05a7afd3023357e31e2be7636fdbad31f6aae0fc6f255b81ee81
  languageName: node
  linkType: hard

"nearley@npm:^2.19.5":
  version: 2.20.1
  resolution: "nearley@npm:2.20.1"
  dependencies:
    commander: ^2.19.0
    moo: ^0.5.0
    railroad-diagrams: ^1.0.0
    randexp: 0.4.6
  bin:
    nearley-railroad: bin/nearley-railroad.js
    nearley-test: bin/nearley-test.js
    nearley-unparse: bin/nearley-unparse.js
    nearleyc: bin/nearleyc.js
  checksum: 42c2c330c13c7991b48221c5df00f4352c2f8851636ae4d1f8ca3c8e193fc1b7668c78011d1cad88cca4c1c4dc087425420629c19cc286d7598ec15533aaef26
  languageName: node
  linkType: hard

"object-keys@npm:^1.0.12":
  version: 1.1.1
  resolution: "object-keys@npm:1.1.1"
  checksum: b363c5e7644b1e1b04aa507e88dcb8e3a2f52b6ffd0ea801e4c7a62d5aa559affe21c55a07fd4b1fd55fc03a33c610d73426664b20032405d7b92a1414c34d6a
  languageName: node
  linkType: hard

"obuf@npm:^1.1.2, obuf@npm:~1.1.2":
  version: 1.1.2
  resolution: "obuf@npm:1.1.2"
  checksum: 41a2ba310e7b6f6c3b905af82c275bf8854896e2e4c5752966d64cbcd2f599cfffd5932006bcf3b8b419dfdacebb3a3912d5d94e10f1d0acab59876c8757f27f
  languageName: node
  linkType: hard

"p-defer@npm:^3.0.0":
  version: 3.0.0
  resolution: "p-defer@npm:3.0.0"
  checksum: ac3b0976a1c76b67cca1a34e00f7299b0cc230891f820749686aa84f8947326bbe0f8e3b7d9ca511578ee06f0c1a6e0ff68c8e9c325eac455f09d99f91697161
  languageName: node
  linkType: hard

"packet-reader@npm:1.0.0":
  version: 1.0.0
  resolution: "packet-reader@npm:1.0.0"
  checksum: 0b7516f0cbf3e322aad591bed29ba544220088c53943145c0d9121a6f59182ad811f7fd6785a8979a34356aca69d97653689029964c5998dc02645633d88ffd7
  languageName: node
  linkType: hard

"pg-connection-string@npm:^2.5.0":
  version: 2.5.0
  resolution: "pg-connection-string@npm:2.5.0"
  checksum: a6f3a068f7c9416a5b33a326811caf0dfaaee045c225b7c628b4c9b4e9a2b25bdd12a21e4c48940e1000ea223a4e608ca122d2ff3dd08c8b1db0fc9f5705133a
  languageName: node
  linkType: hard

"pg-copy-streams-binary@npm:^2.2.0":
  version: 2.2.0
  resolution: "pg-copy-streams-binary@npm:2.2.0"
  dependencies:
    bl: ^4.0.3
    bufferput: ^0.1.3
    ieee754: ^1.1.13
    int64-buffer: ^0.99.1007
    multi-fork: 0.0.2
    through2: ^3.0.1
  checksum: 1602cfe4bb0c9ac99d8b4af9ceb92da91b9fd0a2151ddcf6579fa46ad63f63d9fc8237211f4c82e2f094590cbe990497866f06329ce756f58551f3320d32169a
  languageName: node
  linkType: hard

"pg-copy-streams@npm:^6.0.2":
  version: 6.0.2
  resolution: "pg-copy-streams@npm:6.0.2"
  dependencies:
    obuf: ^1.1.2
  checksum: 552f562ff9854b6601fcf8fa3c5e831d0f4d195216e6dba23cbd10bcd4a647322a339f42a7c4149e5947c8fd95df2d0c47726b8cd2d014b746bcf5f43f7d88f8
  languageName: node
  linkType: hard

"pg-cursor@npm:^2.7.3":
  version: 2.7.3
  resolution: "pg-cursor@npm:2.7.3"
  peerDependencies:
    pg: ^8
  checksum: a6b7615f382c8dd0b76cc4f34aa761fc490fbca1660ee59b6b1ea50012b17c8b5f6269f3abb3881eda25584af2645b5f07323b1758cd5ae8f2f496253da8b235
  languageName: node
  linkType: hard

"pg-int8@npm:1.0.1":
  version: 1.0.1
  resolution: "pg-int8@npm:1.0.1"
  checksum: a1e3a05a69005ddb73e5f324b6b4e689868a447c5fa280b44cd4d04e6916a344ac289e0b8d2695d66e8e89a7fba023affb9e0e94778770ada5df43f003d664c9
  languageName: node
  linkType: hard

"pg-numeric@npm:1.0.2":
  version: 1.0.2
  resolution: "pg-numeric@npm:1.0.2"
  checksum: 8899f8200caa1744439a8778a9eb3ceefb599d893e40a09eef84ee0d4c151319fd416634a6c0fc7b7db4ac268710042da5be700b80ef0de716fe089b8652c84f
  languageName: node
  linkType: hard

"pg-pool@npm:^3.5.1":
  version: 3.5.1
  resolution: "pg-pool@npm:3.5.1"
  peerDependencies:
    pg: ">=8.0"
  checksum: 42833c25f18fee41a1b2d955978f1403e93164762a7e57d3a870429103d302f1899b393ab021bb8144272037eb3f13bdb9f16a4c4afaa3efd3d2c3689738038f
  languageName: node
  linkType: hard

"pg-protocol@npm:^1.5.0":
  version: 1.5.0
  resolution: "pg-protocol@npm:1.5.0"
  checksum: b839d12cafe942ef9cbc5b13c174eb2356804fb4fe8ead8279f46a36be90722d19a91409955beb8a3d5301639c44854e49749de4aef02dc361fee3e2a61fb1e4
  languageName: node
  linkType: hard

"pg-types@npm:^2.1.0":
  version: 2.2.0
  resolution: "pg-types@npm:2.2.0"
  dependencies:
    pg-int8: 1.0.1
    postgres-array: ~2.0.0
    postgres-bytea: ~1.0.0
    postgres-date: ~1.0.4
    postgres-interval: ^1.1.0
  checksum: bf4ec3f594743442857fb3a8dfe5d2478a04c98f96a0a47365014557cbc0b4b0cee01462c79adca863b93befbf88f876299b75b72c665b5fb84a2c94fbd10316
  languageName: node
  linkType: hard

"pg-types@npm:^4.0.0":
  version: 4.0.0
  resolution: "pg-types@npm:4.0.0"
  dependencies:
    pg-int8: 1.0.1
    pg-numeric: 1.0.2
    postgres-array: ~3.0.1
    postgres-bytea: ~3.0.0
    postgres-date: ~2.0.1
    postgres-interval: ^3.0.0
    postgres-range: ^1.1.1
  checksum: 3e8bdd1edb6bfa859864ed9a5bb0aad4816855e0b89e216fe96d0b8d4a4adc25e95ef4adee114347e3232354aada3332bd19cd933365b62f41636bc0f23fd7a0
  languageName: node
  linkType: hard

"pg@npm:8.7.3, pg@npm:^8.7.3":
  version: 8.7.3
  resolution: "pg@npm:8.7.3"
  dependencies:
    buffer-writer: 2.0.0
    packet-reader: 1.0.0
    pg-connection-string: ^2.5.0
    pg-pool: ^3.5.1
    pg-protocol: ^1.5.0
    pg-types: ^2.1.0
    pgpass: 1.x
  peerDependencies:
    pg-native: ">=2.0.0"
  peerDependenciesMeta:
    pg-native:
      optional: true
  checksum: d0e7040967779b9ccea16897f099510bcaf6bc86f77a6d8fa7e293c24d8bd2fd2ec46d99d6d1adc9be4cc8f254aa909361346b693088c1ba4501414f7afb2fe3
  languageName: node
  linkType: hard

"pgpass@npm:1.x":
  version: 1.0.4
  resolution: "pgpass@npm:1.0.4"
  dependencies:
    split2: ^3.1.1
  checksum: ea4751e9ecf345f1e1deccec761a28576eb9f2775a4689e61f5c010a9a812defdd06043918dcb99ebcb503f57bfce33fe34890b12011629d2fba859c21aa2fed
  languageName: node
  linkType: hard

"pgsql-ast-parser@npm:10.4.0":
  version: 10.4.0
  resolution: "pgsql-ast-parser@npm:10.4.0"
  dependencies:
    moo: ^0.5.1
    nearley: ^2.19.5
  checksum: 7f5379efa1ae6f4a2aa6d1ae8d8040a60f292a5494c0547fff95476d174941b6f23c484021555c34e97c5f9fa428ad5a32b2398f3056e45adef0621a84ff9ec0
  languageName: node
  linkType: hard

"postgres-array@npm:^3.0.1, postgres-array@npm:~3.0.1":
  version: 3.0.1
  resolution: "postgres-array@npm:3.0.1"
  checksum: e0b5459052ed23a991abc18344f91c0b6c2f47cdeafacc8e26d2a82c51249ea9ac2e49ba114b87df7061bf6f8ceed97ae0cdf6ffb11ca3fed725b926bb68bddb
  languageName: node
  linkType: hard

"postgres-array@npm:~2.0.0":
  version: 2.0.0
  resolution: "postgres-array@npm:2.0.0"
  checksum: 0e1e659888147c5de579d229a2d95c0d83ebdbffc2b9396d890a123557708c3b758a0a97ed305ce7f58edfa961fa9f0bbcd1ea9f08b6e5df73322e683883c464
  languageName: node
  linkType: hard

"postgres-bytea@npm:~1.0.0":
  version: 1.0.0
  resolution: "postgres-bytea@npm:1.0.0"
  checksum: d844ae4ca7a941b70e45cac1261a73ee8ed39d72d3d74ab1d645248185a1b7f0ac91a3c63d6159441020f4e1f7fe64689ac56536a307b31cef361e5187335090
  languageName: node
  linkType: hard

"postgres-bytea@npm:~3.0.0":
  version: 3.0.0
  resolution: "postgres-bytea@npm:3.0.0"
  dependencies:
    obuf: ~1.1.2
  checksum: 5f917a003fcaa0df7f285e1c37108ad474ce91193466b9bd4bcaecef2cdea98ca069c00aa6a8dbe6d2e7192336cadc3c9b36ae48d1555a299521918e00e2936b
  languageName: node
  linkType: hard

"postgres-date@npm:~1.0.4":
  version: 1.0.7
  resolution: "postgres-date@npm:1.0.7"
  checksum: 5745001d47e51cd767e46bcb1710649cd705d91a24d42fa661c454b6dcbb7353c066a5047983c90a626cd3bbfea9e626cc6fa84a35ec57e5bbb28b49f78e13ed
  languageName: node
  linkType: hard

"postgres-date@npm:~2.0.1":
  version: 2.0.1
  resolution: "postgres-date@npm:2.0.1"
  checksum: 0304bf8641a01412e4f5c3a374604e2e3dbc9dbee71d30df12fe60b32560c5674f887c2d15bafa2996f3b618b617398e7605f0e3669db43f31e614dfe69f8de7
  languageName: node
  linkType: hard

"postgres-interval@npm:^1.1.0":
  version: 1.2.0
  resolution: "postgres-interval@npm:1.2.0"
  dependencies:
    xtend: ^4.0.0
  checksum: 746b71f93805ae33b03528e429dc624706d1f9b20ee81bf743263efb6a0cd79ae02a642a8a480dbc0f09547b4315ab7df6ce5ec0be77ed700bac42730f5c76b2
  languageName: node
  linkType: hard

"postgres-interval@npm:^3.0.0":
  version: 3.0.0
  resolution: "postgres-interval@npm:3.0.0"
  checksum: c7a1cf006de97de663b6b8c4d2b167aa9909a238c4866a94b15d303762f5ac884ff4796cd6e2111b7f0a91302b83c570453aa8506fd005b5a5d5dfa87441bebc
  languageName: node
  linkType: hard

"postgres-interval@npm:^4.0.0":
  version: 4.0.0
  resolution: "postgres-interval@npm:4.0.0"
  checksum: ed3f8b929e165a26e4bdd9795571fe7da2cbc3726ee151134a0e267b8a801bfb39d0bd00a30bb0f087459bb732ad5086db300db457a2efbf2f3b54ff408b442f
  languageName: node
  linkType: hard

"postgres-range@npm:^1.1.1":
  version: 1.1.2
  resolution: "postgres-range@npm:1.1.2"
  checksum: 6e9e0b545ac7d98240cea855cb845eb020c8700728376a544e5b08edb2c47ad1b019767d50be5fd1f17609747716bd57eb6cdbb2f23f7a67d81f39281325dc78
  languageName: node
  linkType: hard

"punycode@npm:^2.1.0":
  version: 2.1.1
  resolution: "punycode@npm:2.1.1"
  checksum: 823bf443c6dd14f669984dea25757b37993f67e8d94698996064035edd43bed8a5a17a9f12e439c2b35df1078c6bec05a6c86e336209eb1061e8025c481168e8
  languageName: node
  linkType: hard

"railroad-diagrams@npm:^1.0.0":
  version: 1.0.0
  resolution: "railroad-diagrams@npm:1.0.0"
  checksum: 9e312af352b5ed89c2118edc0c06cef2cc039681817f65266719606e4e91ff6ae5374c707cc9033fe29a82c2703edf3c63471664f97f0167c85daf6f93496319
  languageName: node
  linkType: hard

"randexp@npm:0.4.6":
  version: 0.4.6
  resolution: "randexp@npm:0.4.6"
  dependencies:
    discontinuous-range: 1.0.0
    ret: ~0.1.10
  checksum: 3c0d440a3f89d6d36844aa4dd57b5cdb0cab938a41956a16da743d3a3578ab32538fc41c16cc0984b6938f2ae4cbc0216967e9829e52191f70e32690d8e3445d
  languageName: node
  linkType: hard

"readable-stream@npm:2 || 3, readable-stream@npm:3, readable-stream@npm:^3.0.0, readable-stream@npm:^3.0.2, readable-stream@npm:^3.4.0":
  version: 3.6.0
  resolution: "readable-stream@npm:3.6.0"
  dependencies:
    inherits: ^2.0.3
    string_decoder: ^1.1.1
    util-deprecate: ^1.0.1
  checksum: d4ea81502d3799439bb955a3a5d1d808592cf3133350ed352aeaa499647858b27b1c4013984900238b0873ec8d0d8defce72469fb7a83e61d53f5ad61cb80dc8
  languageName: node
  linkType: hard

"ret@npm:~0.1.10":
  version: 0.1.15
  resolution: "ret@npm:0.1.15"
  checksum: d76a9159eb8c946586567bd934358dfc08a36367b3257f7a3d7255fdd7b56597235af23c6afa0d7f0254159e8051f93c918809962ebd6df24ca2a83dbe4d4151
  languageName: node
  linkType: hard

"rfdc@npm:^1.2.0":
  version: 1.2.0
  resolution: "rfdc@npm:1.2.0"
  checksum: 629a80a062ef9a2f184dc37d9dd3adfeca1fb001cedafbc654238fdc2c7d595e22412c423ea8f08aa3497706c439972684bcd65f30c74a2779bae95a5434b712
  languageName: node
  linkType: hard

"roarr@npm:^7.11.0":
  version: 7.11.0
  resolution: "roarr@npm:7.11.0"
  dependencies:
    boolean: ^3.1.4
    fast-json-stringify: ^2.7.10
    fast-printf: ^1.6.9
    fast-safe-stringify: ^2.1.1
    globalthis: ^1.0.2
    semver-compare: ^1.0.0
  checksum: 1a0a0c0c607f1e65778384266b303e7969e809a4f068c6846e6f02d9d4615dca146d08171f96846f879e8b54963361042b1164dff668b1d8e261a5eaca978832
  languageName: node
  linkType: hard

"safe-buffer@npm:~5.2.0":
  version: 5.2.1
  resolution: "safe-buffer@npm:5.2.1"
  checksum: b99c4b41fdd67a6aaf280fcd05e9ffb0813654894223afb78a31f14a19ad220bba8aba1cb14eddce1fcfb037155fe6de4e861784eb434f7d11ed58d1e70dd491
  languageName: node
  linkType: hard

"safe-stable-stringify@npm:2.3.1":
  version: 2.3.1
  resolution: "safe-stable-stringify@npm:2.3.1"
  checksum: a0a0bad0294c3e2a9d1bf3cf2b1096dfb83c162d09a5e4891e488cce082120bd69161d2a92aae7fc48255290f17700decae9c89a07fe139794e61b5c8b411377
  languageName: node
  linkType: hard

"semver-compare@npm:^1.0.0":
  version: 1.0.0
  resolution: "semver-compare@npm:1.0.0"
  checksum: dd1d7e2909744cf2cf71864ac718efc990297f9de2913b68e41a214319e70174b1d1793ac16e31183b128c2b9812541300cb324db8168e6cf6b570703b171c68
  languageName: node
  linkType: hard

"serialize-error@npm:^8.0.0":
  version: 8.1.0
  resolution: "serialize-error@npm:8.1.0"
  dependencies:
    type-fest: ^0.20.2
  checksum: 2eef236d50edd2d7926e602c14fb500dc3a125ee52e9f08f67033181b8e0be5d1122498bdf7c23c80683cddcad083a27974e9e7111ce23165f4d3bcdd6d65102
  languageName: node
  linkType: hard

"slonik-sql-tag-raw@npm:1.1.4":
  version: 1.1.4
  resolution: "slonik-sql-tag-raw@npm:1.1.4"
  dependencies:
    lodash: ^4.17.20
    serialize-error: ^8.0.0
  peerDependencies:
    roarr: ">=7.0.3"
    slonik: ">=27.0.0"
  checksum: d106f24d457bd6334ec1f7931fc74f2ddb211c211e468c3551cc58e094e746e5c47a9ffeaaede8a324f3a58f7ddd662eeec5868099f44fbe657f92dd4418104d
  languageName: node
  linkType: hard

"slonik@npm:28.1.1":
  version: 28.1.1
  resolution: "slonik@npm:28.1.1"
  dependencies:
    concat-stream: ^2.0.0
    es6-error: ^4.1.1
    fast-safe-stringify: ^2.1.1
    get-stack-trace: ^2.1.1
    hyperid: ^2.3.1
    is-plain-object: ^5.0.0
    iso8601-duration: ^1.3.0
    p-defer: ^3.0.0
    pg: ^8.7.3
    pg-copy-streams: ^6.0.2
    pg-copy-streams-binary: ^2.2.0
    pg-cursor: ^2.7.3
    pg-protocol: ^1.5.0
    postgres-array: ^3.0.1
    postgres-interval: ^4.0.0
    roarr: ^7.11.0
    serialize-error: ^8.0.0
    through2: ^4.0.2
  checksum: 7894aba4dbd92686c35a17bb4e436023a2fb28642a9d949be5c5ddd213334f950292889a60be918ec2293adf6b2c0ed8aa8a1201a847a1d390c54dab50772a7b
  languageName: node
  linkType: hard

"slonik@npm:^30.0.0":
  version: 30.1.0
  resolution: "slonik@npm:30.1.0"
  dependencies:
    concat-stream: ^2.0.0
    es6-error: ^4.1.1
    fast-safe-stringify: ^2.1.1
    get-stack-trace: ^2.1.1
    hyperid: ^2.3.1
    is-plain-object: ^5.0.0
    iso8601-duration: ^1.3.0
    p-defer: ^3.0.0
    pg: ^8.7.3
    pg-copy-streams: ^6.0.2
    pg-copy-streams-binary: ^2.2.0
    pg-cursor: ^2.7.3
    pg-protocol: ^1.5.0
    pg-types: ^4.0.0
    postgres-array: ^3.0.1
    postgres-interval: ^4.0.0
    roarr: ^7.11.0
    serialize-error: ^8.0.0
    through2: ^4.0.2
  checksum: e0a9b4404cb01162f9d1859c9c8f59bff55db79caf7f72d27b3e45d514c21439ea8a09094cfa80ab3a5896fd25b05d3d8f5214656065a678ebf89d4099cf55e0
  languageName: node
  linkType: hard

"source-map@npm:^0.8.0-beta.0":
  version: 0.8.0-beta.0
  resolution: "source-map@npm:0.8.0-beta.0"
  dependencies:
    whatwg-url: ^7.0.0
  checksum: e94169be6461ab0ac0913313ad1719a14c60d402bd22b0ad96f4a6cffd79130d91ab5df0a5336a326b04d2df131c1409f563c9dc0d21a6ca6239a44b6c8dbd92
  languageName: node
  linkType: hard

"split2@npm:^3.1.1":
  version: 3.2.2
  resolution: "split2@npm:3.2.2"
  dependencies:
    readable-stream: ^3.0.0
  checksum: 8127ddbedd0faf31f232c0e9192fede469913aa8982aa380752e0463b2e31c2359ef6962eb2d24c125bac59eeec76873678d723b1c7ff696216a1cd071e3994a
  languageName: node
  linkType: hard

"string-similarity@npm:^4.0.1":
  version: 4.0.4
  resolution: "string-similarity@npm:4.0.4"
  checksum: 797b41b24e1eb6b3b0ab896950b58c295a19a82933479c75f7b5279ffb63e0b456a8c8d10329c02f607ca1a50370e961e83d552aa468ff3b0fa15809abc9eff7
  languageName: node
  linkType: hard

"string_decoder@npm:^1.1.1":
  version: 1.3.0
  resolution: "string_decoder@npm:1.3.0"
  dependencies:
    safe-buffer: ~5.2.0
  checksum: 8417646695a66e73aefc4420eb3b84cc9ffd89572861fe004e6aeb13c7bc00e2f616247505d2dbbef24247c372f70268f594af7126f43548565c68c117bdeb56
  languageName: node
  linkType: hard

"test-workspace@workspace:.":
  version: 0.0.0-use.local
  resolution: "test-workspace@workspace:."
  dependencies:
    slonik: ^30.0.0
    ts-slonik-live-server-plugin: "*"
    typescript: ^4.2.3
  languageName: unknown
  linkType: soft

"through2@npm:^3.0.1":
  version: 3.0.2
  resolution: "through2@npm:3.0.2"
  dependencies:
    inherits: ^2.0.4
    readable-stream: 2 || 3
  checksum: 47c9586c735e7d9cbbc1029f3ff422108212f7cc42e06d5cc9fff7901e659c948143c790e0d0d41b1b5f89f1d1200bdd200c7b72ad34f42f9edbeb32ea49e8b7
  languageName: node
  linkType: hard

"through2@npm:^4.0.2":
  version: 4.0.2
  resolution: "through2@npm:4.0.2"
  dependencies:
    readable-stream: 3
  checksum: ac7430bd54ccb7920fd094b1c7ff3e1ad6edd94202e5528331253e5fde0cc56ceaa690e8df9895de2e073148c52dfbe6c4db74cacae812477a35660090960cc0
  languageName: node
  linkType: hard

"tr46@npm:^1.0.1":
  version: 1.0.1
  resolution: "tr46@npm:1.0.1"
  dependencies:
    punycode: ^2.1.0
  checksum: 96d4ed46bc161db75dbf9247a236ea0bfcaf5758baae6749e92afab0bc5a09cb59af21788ede7e55080f2bf02dce3e4a8f2a484cc45164e29f4b5e68f7cbcc1a
  languageName: node
  linkType: hard

"ts-slonik-live-server-plugin@npm:*":
  version: 1.1.12
  resolution: "ts-slonik-live-server-plugin@npm:1.1.12"
  dependencies:
    d-forest: 3.2.4
    dotenv: 16.0.1
    pg: 8.7.3
    pgsql-ast-parser: 10.4.0
    safe-stable-stringify: 2.3.1
    slonik: 28.1.1
    slonik-sql-tag-raw: 1.1.4
    typescript-template-language-service-decorator: 2.3.1
  checksum: 77e9ada051a5fbd31416531ab5817a446ce381809728f50ae0ce159c429fb19c8a5d5285f5a5e2162d64576503122080bb81993fe9276001e3531c388bae897a
  languageName: node
  linkType: hard

"type-fest@npm:^0.20.2":
  version: 0.20.2
  resolution: "type-fest@npm:0.20.2"
  checksum: 4fb3272df21ad1c552486f8a2f8e115c09a521ad7a8db3d56d53718d0c907b62c6e9141ba5f584af3f6830d0872c521357e512381f24f7c44acae583ad517d73
  languageName: node
  linkType: hard

"typedarray@npm:^0.0.6":
  version: 0.0.6
  resolution: "typedarray@npm:0.0.6"
  checksum: 33b39f3d0e8463985eeaeeacc3cb2e28bc3dfaf2a5ed219628c0b629d5d7b810b0eb2165f9f607c34871d5daa92ba1dc69f49051cf7d578b4cbd26c340b9d1b1
  languageName: node
  linkType: hard

"typescript-template-language-service-decorator@npm:2.3.1":
  version: 2.3.1
  resolution: "typescript-template-language-service-decorator@npm:2.3.1"
  checksum: 059214299099ecfe1b0372e22430fe262959c700cf65270ce74bbff04f2dc497fe986ade409c53db907805d70fedfbd1989c410f94697bf981082135a2cc6f20
  languageName: node
  linkType: hard

"typescript@npm:^4.2.3":
  version: 4.2.3
  resolution: "typescript@npm:4.2.3"
  bin:
    tsc: bin/tsc
    tsserver: bin/tsserver
  checksum: b4a2020c021211184ac15caf59936b2089c13e79685f340a31aaa839c9de2f73b44a5e3757292de6cdad2ed967aef80d4592161b814cc29c0570f261850c4bca
  languageName: node
  linkType: hard

"typescript@patch:typescript@^4.2.3#~builtin<compat/typescript>":
  version: 4.2.3
  resolution: "typescript@patch:typescript@npm%3A4.2.3#~builtin<compat/typescript>::version=4.2.3&hash=7ad353"
  bin:
    tsc: bin/tsc
    tsserver: bin/tsserver
  checksum: f00e6e6e72c950865979d5beb66916c75d92eda09514eb2953828b95505cfd2ef3ae9ac776fdac9f841a9ce67744999b70d23779726e0072656a1841c8080860
  languageName: node
  linkType: hard

"uri-js@npm:^4.2.2":
  version: 4.4.1
  resolution: "uri-js@npm:4.4.1"
  dependencies:
    punycode: ^2.1.0
  checksum: 7167432de6817fe8e9e0c9684f1d2de2bb688c94388f7569f7dbdb1587c9f4ca2a77962f134ec90be0cc4d004c939ff0d05acc9f34a0db39a3c797dada262633
  languageName: node
  linkType: hard

"util-deprecate@npm:^1.0.1":
  version: 1.0.2
  resolution: "util-deprecate@npm:1.0.2"
  checksum: 474acf1146cb2701fe3b074892217553dfcf9a031280919ba1b8d651a068c9b15d863b7303cb15bd00a862b498e6cf4ad7b4a08fb134edd5a6f7641681cb54a2
  languageName: node
  linkType: hard

"uuid-parse@npm:^1.1.0":
  version: 1.1.0
  resolution: "uuid-parse@npm:1.1.0"
  checksum: e522c23c2c348eacd880ec78a832f59c1feaccce6c062a5c7127af2f9e7d6cb079d3f06f059fd7e4779cd332091aa038a3bfa26c35d06d23c6f58be21b6461d5
  languageName: node
  linkType: hard

"uuid@npm:^8.3.2":
  version: 8.3.2
  resolution: "uuid@npm:8.3.2"
  bin:
    uuid: dist/bin/uuid
  checksum: 5575a8a75c13120e2f10e6ddc801b2c7ed7d8f3c8ac22c7ed0c7b2ba6383ec0abda88c905085d630e251719e0777045ae3236f04c812184b7c765f63a70e58df
  languageName: node
  linkType: hard

"webidl-conversions@npm:^4.0.2":
  version: 4.0.2
  resolution: "webidl-conversions@npm:4.0.2"
  checksum: c93d8dfe908a0140a4ae9c0ebc87a33805b416a33ee638a605b551523eec94a9632165e54632f6d57a39c5f948c4bab10e0e066525e9a4b87a79f0d04fbca374
  languageName: node
  linkType: hard

"whatwg-url@npm:^7.0.0":
  version: 7.1.0
  resolution: "whatwg-url@npm:7.1.0"
  dependencies:
    lodash.sortby: ^4.7.0
    tr46: ^1.0.1
    webidl-conversions: ^4.0.2
  checksum: fecb07c87290b47d2ec2fb6d6ca26daad3c9e211e0e531dd7566e7ff95b5b3525a57d4f32640ad4adf057717e0c215731db842ad761e61d947e81010e05cf5fd
  languageName: node
  linkType: hard

"xtend@npm:^4.0.0":
  version: 4.0.2
  resolution: "xtend@npm:4.0.2"
  checksum: ac5dfa738b21f6e7f0dd6e65e1b3155036d68104e67e5d5d1bde74892e327d7e5636a076f625599dc394330a731861e87343ff184b0047fef1360a7ec0a5a36a
  languageName: node
  linkType: hard
